// !$*UTF8*$!
{
	archiveVersion = 1;
	classes = {
	};
	objectVersion = 46;
	objects = {

/* Begin PBXBuildFile section */
		D350EE0D1CF0768A00E2E505 /* main.m in Sources */ = {isa = PBXBuildFile; fileRef = D350EE0C1CF0768A00E2E505 /* main.m */; };
		D350EE101CF0768A00E2E505 /* AppDelegate.m in Sources */ = {isa = PBXBuildFile; fileRef = D350EE0F1CF0768A00E2E505 /* AppDelegate.m */; };
		D350EE131CF0768A00E2E505 /* ViewController.m in Sources */ = {isa = PBXBuildFile; fileRef = D350EE121CF0768A00E2E505 /* ViewController.m */; };
		D350EE161CF0768A00E2E505 /* Main.storyboard in Resources */ = {isa = PBXBuildFile; fileRef = D350EE141CF0768A00E2E505 /* Main.storyboard */; };
		D350EE181CF0768A00E2E505 /* Assets.xcassets in Resources */ = {isa = PBXBuildFile; fileRef = D350EE171CF0768A00E2E505 /* Assets.xcassets */; };
		D350EE1B1CF0768A00E2E505 /* LaunchScreen.storyboard in Resources */ = {isa = PBXBuildFile; fileRef = D350EE191CF0768A00E2E505 /* LaunchScreen.storyboard */; };
		D350EE261CF0768A00E2E505 /* Mami_WeatherTests.m in Sources */ = {isa = PBXBuildFile; fileRef = D350EE251CF0768A00E2E505 /* Mami_WeatherTests.m */; };
/* End PBXBuildFile section */

/* Begin PBXContainerItemProxy section */
		D350EE221CF0768A00E2E505 /* PBXContainerItemProxy */ = {
			isa = PBXContainerItemProxy;
			containerPortal = D350EE001CF0768A00E2E505 /* Project object */;
			proxyType = 1;
			remoteGlobalIDString = D350EE071CF0768A00E2E505;
			remoteInfo = "Mami Weather";
		};
/* End PBXContainerItemProxy section */

/* Begin PBXFileReference section */
		D350EE081CF0768A00E2E505 /* Mami Weather.app */ = {isa = PBXFileReference; explicitFileType = wrapper.application; includeInIndex = 0; path = "Mami Weather.app"; sourceTree = BUILT_PRODUCTS_DIR; };
		D350EE0C1CF0768A00E2E505 /* main.m */ = {isa = PBXFileReference; lastKnownFileType = sourcecode.c.objc; path = main.m; sourceTree = "<group>"; };
		D350EE0E1CF0768A00E2E505 /* AppDelegate.h */ = {isa = PBXFileReference; lastKnownFileType = sourcecode.c.h; path = AppDelegate.h; sourceTree = "<group>"; };
		D350EE0F1CF0768A00E2E505 /* AppDelegate.m */ = {isa = PBXFileReference; lastKnownFileType = sourcecode.c.objc; path = AppDelegate.m; sourceTree = "<group>"; };
		D350EE111CF0768A00E2E505 /* ViewController.h */ = {isa = PBXFileReference; lastKnownFileType = sourcecode.c.h; path = ViewController.h; sourceTree = "<group>"; };
		D350EE121CF0768A00E2E505 /* ViewController.m */ = {isa = PBXFileReference; lastKnownFileType = sourcecode.c.objc; path = ViewController.m; sourceTree = "<group>"; };
		D350EE151CF0768A00E2E505 /* Base */ = {isa = PBXFileReference; lastKnownFileType = file.storyboard; name = Base; path = Base.lproj/Main.storyboard; sourceTree = "<group>"; };
		D350EE171CF0768A00E2E505 /* Assets.xcassets */ = {isa = PBXFileReference; lastKnownFileType = folder.assetcatalog; path = Assets.xcassets; sourceTree = "<group>"; };
		D350EE1A1CF0768A00E2E505 /* Base */ = {isa = PBXFileReference; lastKnownFileType = file.storyboard; name = Base; path = Base.lproj/LaunchScreen.storyboard; sourceTree = "<group>"; };
		D350EE1C1CF0768A00E2E505 /* Info.plist */ = {isa = PBXFileReference; lastKnownFileType = text.plist.xml; path = Info.plist; sourceTree = "<group>"; };
		D350EE211CF0768A00E2E505 /* Mami WeatherTests.xctest */ = {isa = PBXFileReference; explicitFileType = wrapper.cfbundle; includeInIndex = 0; path = "Mami WeatherTests.xctest"; sourceTree = BUILT_PRODUCTS_DIR; };
		D350EE251CF0768A00E2E505 /* Mami_WeatherTests.m */ = {isa = PBXFileReference; lastKnownFileType = sourcecode.c.objc; path = Mami_WeatherTests.m; sourceTree = "<group>"; };
		D350EE271CF0768A00E2E505 /* Info.plist */ = {isa = PBXFileReference; lastKnownFileType = text.plist.xml; path = Info.plist; sourceTree = "<group>"; };
/* End PBXFileReference section */

/* Begin PBXFrameworksBuildPhase section */
		D350EE051CF0768A00E2E505 /* Frameworks */ = {
			isa = PBXFrameworksBuildPhase;
			buildActionMask = 2147483647;
			files = (
			);
			runOnlyForDeploymentPostprocessing = 0;
		};
		D350EE1E1CF0768A00E2E505 /* Frameworks */ = {
			isa = PBXFrameworksBuildPhase;
			buildActionMask = 2147483647;
			files = (
			);
			runOnlyForDeploymentPostprocessing = 0;
		};
/* End PBXFrameworksBuildPhase section */

/* Begin PBXGroup section */
		D350EDFF1CF0768A00E2E505 = {
			isa = PBXGroup;
			children = (
				D350EE0A1CF0768A00E2E505 /* Mami Weather */,
				D350EE241CF0768A00E2E505 /* Mami WeatherTests */,
				D350EE091CF0768A00E2E505 /* Products */,
			);
			sourceTree = "<group>";
		};
		D350EE091CF0768A00E2E505 /* Products */ = {
			isa = PBXGroup;
			children = (
				D350EE081CF0768A00E2E505 /* Mami Weather.app */,
				D350EE211CF0768A00E2E505 /* Mami WeatherTests.xctest */,
			);
			name = Products;
			sourceTree = "<group>";
		};
		D350EE0A1CF0768A00E2E505 /* Mami Weather */ = {
			isa = PBXGroup;
			children = (
				D350EE0E1CF0768A00E2E505 /* AppDelegate.h */,
				D350EE0F1CF0768A00E2E505 /* AppDelegate.m */,
				D350EE111CF0768A00E2E505 /* ViewController.h */,
				D350EE121CF0768A00E2E505 /* ViewController.m */,
				D350EE141CF0768A00E2E505 /* Main.storyboard */,
				D350EE171CF0768A00E2E505 /* Assets.xcassets */,
				D350EE191CF0768A00E2E505 /* LaunchScreen.storyboard */,
				D350EE1C1CF0768A00E2E505 /* Info.plist */,
				D350EE0B1CF0768A00E2E505 /* Supporting Files */,
			);
			path = "Mami Weather";
			sourceTree = "<group>";
		};
		D350EE0B1CF0768A00E2E505 /* Supporting Files */ = {
			isa = PBXGroup;
			children = (
				D350EE0C1CF0768A00E2E505 /* main.m */,
			);
			name = "Supporting Files";
			sourceTree = "<group>";
		};
		D350EE241CF0768A00E2E505 /* Mami WeatherTests */ = {
			isa = PBXGroup;
			children = (
				D350EE251CF0768A00E2E505 /* Mami_WeatherTests.m */,
				D350EE271CF0768A00E2E505 /* Info.plist */,
			);
			path = "Mami WeatherTests";
			sourceTree = "<group>";
		};
/* End PBXGroup section */

/* Begin PBXNativeTarget section */
		D350EE071CF0768A00E2E505 /* Mami Weather */ = {
			isa = PBXNativeTarget;
			buildConfigurationList = D350EE2A1CF0768A00E2E505 /* Build configuration list for PBXNativeTarget "Mami Weather" */;
			buildPhases = (
				D350EE041CF0768A00E2E505 /* Sources */,
				D350EE051CF0768A00E2E505 /* Frameworks */,
				D350EE061CF0768A00E2E505 /* Resources */,
			);
			buildRules = (
			);
			dependencies = (
			);
			name = "Mami Weather";
			productName = "Mami Weather";
			productReference = D350EE081CF0768A00E2E505 /* Mami Weather.app */;
			productType = "com.apple.product-type.application";
		};
		D350EE201CF0768A00E2E505 /* Mami WeatherTests */ = {
			isa = PBXNativeTarget;
			buildConfigurationList = D350EE2D1CF0768A00E2E505 /* Build configuration list for PBXNativeTarget "Mami WeatherTests" */;
			buildPhases = (
				D350EE1D1CF0768A00E2E505 /* Sources */,
				D350EE1E1CF0768A00E2E505 /* Frameworks */,
				D350EE1F1CF0768A00E2E505 /* Resources */,
			);
			buildRules = (
			);
			dependencies = (
				D350EE231CF0768A00E2E505 /* PBXTargetDependency */,
			);
			name = "Mami WeatherTests";
			productName = "Mami WeatherTests";
			productReference = D350EE211CF0768A00E2E505 /* Mami WeatherTests.xctest */;
			productType = "com.apple.product-type.bundle.unit-test";
		};
/* End PBXNativeTarget section */

/* Begin PBXProject section */
		D350EE001CF0768A00E2E505 /* Project object */ = {
			isa = PBXProject;
			attributes = {
				LastUpgradeCheck = 0730;
				ORGANIZATIONNAME = Qult;
				TargetAttributes = {
					D350EE071CF0768A00E2E505 = {
						CreatedOnToolsVersion = 7.3.1;
						DevelopmentTeam = JG445TP9M7;
					};
					D350EE201CF0768A00E2E505 = {
						CreatedOnToolsVersion = 7.3.1;
						DevelopmentTeam = JG445TP9M7;
						TestTargetID = D350EE071CF0768A00E2E505;
					};
				};
			};
			buildConfigurationList = D350EE031CF0768A00E2E505 /* Build configuration list for PBXProject "Mami Weather" */;
			compatibilityVersion = "Xcode 3.2";
			developmentRegion = English;
			hasScannedForEncodings = 0;
			knownRegions = (
				en,
				Base,
			);
			mainGroup = D350EDFF1CF0768A00E2E505;
			productRefGroup = D350EE091CF0768A00E2E505 /* Products */;
			projectDirPath = "";
			projectRoot = "";
			targets = (
				D350EE071CF0768A00E2E505 /* Mami Weather */,
				D350EE201CF0768A00E2E505 /* Mami WeatherTests */,
			);
		};
/* End PBXProject section */

/* Begin PBXResourcesBuildPhase section */
		D350EE061CF0768A00E2E505 /* Resources */ = {
			isa = PBXResourcesBuildPhase;
			buildActionMask = 2147483647;
			files = (
				D350EE1B1CF0768A00E2E505 /* LaunchScreen.storyboard in Resources */,
				D350EE181CF0768A00E2E505 /* Assets.xcassets in Resources */,
				D350EE161CF0768A00E2E505 /* Main.storyboard in Resources */,
			);
			runOnlyForDeploymentPostprocessing = 0;
		};
		D350EE1F1CF0768A00E2E505 /* Resources */ = {
			isa = PBXResourcesBuildPhase;
			buildActionMask = 2147483647;
			files = (
			);
			runOnlyForDeploymentPostprocessing = 0;
		};
/* End PBXResourcesBuildPhase section */

/* Begin PBXSourcesBuildPhase section */
		D350EE041CF0768A00E2E505 /* Sources */ = {
			isa = PBXSourcesBuildPhase;
			buildActionMask = 2147483647;
			files = (
				D350EE131CF0768A00E2E505 /* ViewController.m in Sources */,
				D350EE101CF0768A00E2E505 /* AppDelegate.m in Sources */,
				D350EE0D1CF0768A00E2E505 /* main.m in Sources */,
			);
			runOnlyForDeploymentPostprocessing = 0;
		};
		D350EE1D1CF0768A00E2E505 /* Sources */ = {
			isa = PBXSourcesBuildPhase;
			buildActionMask = 2147483647;
			files = (
				D350EE261CF0768A00E2E505 /* Mami_WeatherTests.m in Sources */,
			);
			runOnlyForDeploymentPostprocessing = 0;
		};
/* End PBXSourcesBuildPhase section */

/* Begin PBXTargetDependency section */
		D350EE231CF0768A00E2E505 /* PBXTargetDependency */ = {
			isa = PBXTargetDependency;
			target = D350EE071CF0768A00E2E505 /* Mami Weather */;
			targetProxy = D350EE221CF0768A00E2E505 /* PBXContainerItemProxy */;
		};
/* End PBXTargetDependency section */

/* Begin PBXVariantGroup section */
		D350EE141CF0768A00E2E505 /* Main.storyboard */ = {
			isa = PBXVariantGroup;
			children = (
				D350EE151CF0768A00E2E505 /* Base */,
			);
			name = Main.storyboard;
			sourceTree = "<group>";
		};
		D350EE191CF0768A00E2E505 /* LaunchScreen.storyboard */ = {
			isa = PBXVariantGroup;
			children = (
				D350EE1A1CF0768A00E2E505 /* Base */,
			);
			name = LaunchScreen.storyboard;
			sourceTree = "<group>";
		};
/* End PBXVariantGroup section */

/* Begin XCBuildConfiguration section */
		D350EE281CF0768A00E2E505 /* Debug */ = {
			isa = XCBuildConfiguration;
			buildSettings = {
				ALWAYS_SEARCH_USER_PATHS = NO;
				CLANG_ANALYZER_NONNULL = YES;
				CLANG_CXX_LANGUAGE_STANDARD = "gnu++0x";
				CLANG_CXX_LIBRARY = "libc++";
				CLANG_ENABLE_MODULES = YES;
				CLANG_ENABLE_OBJC_ARC = YES;
				CLANG_WARN_BOOL_CONVERSION = YES;
				CLANG_WARN_CONSTANT_CONVERSION = YES;
				CLANG_WARN_DIRECT_OBJC_ISA_USAGE = YES_ERROR;
				CLANG_WARN_EMPTY_BODY = YES;
				CLANG_WARN_ENUM_CONVERSION = YES;
				CLANG_WARN_INT_CONVERSION = YES;
				CLANG_WARN_OBJC_ROOT_CLASS = YES_ERROR;
				CLANG_WARN_UNREACHABLE_CODE = YES;
				CLANG_WARN__DUPLICATE_METHOD_MATCH = YES;
				"CODE_SIGN_IDENTITY[sdk=iphoneos*]" = "iPhone Developer";
				COPY_PHASE_STRIP = NO;
				DEBUG_INFORMATION_FORMAT = dwarf;
				ENABLE_STRICT_OBJC_MSGSEND = YES;
				ENABLE_TESTABILITY = YES;
				GCC_C_LANGUAGE_STANDARD = gnu99;
				GCC_DYNAMIC_NO_PIC = NO;
				GCC_NO_COMMON_BLOCKS = YES;
				GCC_OPTIMIZATION_LEVEL = 0;
				GCC_PREPROCESSOR_DEFINITIONS = (
					"DEBUG=1",
					"$(inherited)",
				);
				GCC_WARN_64_TO_32_BIT_CONVERSION = YES;
				GCC_WARN_ABOUT_RETURN_TYPE = YES_ERROR;
				GCC_WARN_UNDECLARED_SELECTOR = YES;
				GCC_WARN_UNINITIALIZED_AUTOS = YES_AGGRESSIVE;
				GCC_WARN_UNUSED_FUNCTION = YES;
				GCC_WARN_UNUSED_VARIABLE = YES;
				IPHONEOS_DEPLOYMENT_TARGET = 9.3;
				MTL_ENABLE_DEBUG_INFO = YES;
				ONLY_ACTIVE_ARCH = YES;
				SDKROOT = iphoneos;
			};
			name = Debug;
		};
		D350EE291CF0768A00E2E505 /* Release */ = {
			isa = XCBuildConfiguration;
			buildSettings = {
				ALWAYS_SEARCH_USER_PATHS = NO;
				CLANG_ANALYZER_NONNULL = YES;
				CLANG_CXX_LANGUAGE_STANDARD = "gnu++0x";
				CLANG_CXX_LIBRARY = "libc++";
				CLANG_ENABLE_MODULES = YES;
				CLANG_ENABLE_OBJC_ARC = YES;
				CLANG_WARN_BOOL_CONVERSION = YES;
				CLANG_WARN_CONSTANT_CONVERSION = YES;
				CLANG_WARN_DIRECT_OBJC_ISA_USAGE = YES_ERROR;
				CLANG_WARN_EMPTY_BODY = YES;
				CLANG_WARN_ENUM_CONVERSION = YES;
				CLANG_WARN_INT_CONVERSION = YES;
				CLANG_WARN_OBJC_ROOT_CLASS = YES_ERROR;
				CLANG_WARN_UNREACHABLE_CODE = YES;
				CLANG_WARN__DUPLICATE_METHOD_MATCH = YES;
				"CODE_SIGN_IDENTITY[sdk=iphoneos*]" = "iPhone Developer";
				COPY_PHASE_STRIP = NO;
				DEBUG_INFORMATION_FORMAT = "dwarf-with-dsym";
				ENABLE_NS_ASSERTIONS = NO;
				ENABLE_STRICT_OBJC_MSGSEND = YES;
				GCC_C_LANGUAGE_STANDARD = gnu99;
				GCC_NO_COMMON_BLOCKS = YES;
				GCC_WARN_64_TO_32_BIT_CONVERSION = YES;
				GCC_WARN_ABOUT_RETURN_TYPE = YES_ERROR;
				GCC_WARN_UNDECLARED_SELECTOR = YES;
				GCC_WARN_UNINITIALIZED_AUTOS = YES_AGGRESSIVE;
				GCC_WARN_UNUSED_FUNCTION = YES;
				GCC_WARN_UNUSED_VARIABLE = YES;
				IPHONEOS_DEPLOYMENT_TARGET = 9.3;
				MTL_ENABLE_DEBUG_INFO = NO;
				SDKROOT = iphoneos;
				VALIDATE_PRODUCT = YES;
			};
			name = Release;
		};
		D350EE2B1CF0768A00E2E505 /* Debug */ = {
			isa = XCBuildConfiguration;
			buildSettings = {
				ASSETCATALOG_COMPILER_APPICON_NAME = AppIcon;
				INFOPLIST_FILE = "Mami Weather/Info.plist";
				IPHONEOS_DEPLOYMENT_TARGET = 9.0;
				LD_RUNPATH_SEARCH_PATHS = "$(inherited) @executable_path/Frameworks";
				PRODUCT_BUNDLE_IDENTIFIER = "com.qult.Mami-Weather";
				PRODUCT_NAME = "$(TARGET_NAME)";
			};
			name = Debug;
		};
		D350EE2C1CF0768A00E2E505 /* Release */ = {
			isa = XCBuildConfiguration;
			buildSettings = {
				ASSETCATALOG_COMPILER_APPICON_NAME = AppIcon;
				INFOPLIST_FILE = "Mami Weather/Info.plist";
				IPHONEOS_DEPLOYMENT_TARGET = 9.0;
				LD_RUNPATH_SEARCH_PATHS = "$(inherited) @executable_path/Frameworks";
				PRODUCT_BUNDLE_IDENTIFIER = "com.qult.Mami-Weather";
				PRODUCT_NAME = "$(TARGET_NAME)";
			};
			name = Release;
		};
		D350EE2E1CF0768A00E2E505 /* Debug */ = {
			isa = XCBuildConfiguration;
			buildSettings = {
				BUNDLE_LOADER = "$(TEST_HOST)";
				INFOPLIST_FILE = "Mami WeatherTests/Info.plist";
				LD_RUNPATH_SEARCH_PATHS = "$(inherited) @executable_path/Frameworks @loader_path/Frameworks";
				PRODUCT_BUNDLE_IDENTIFIER = "com.qult.Mami-WeatherTests";
				PRODUCT_NAME = "$(TARGET_NAME)";
				TEST_HOST = "$(BUILT_PRODUCTS_DIR)/Mami Weather.app/Mami Weather";
			};
			name = Debug;
		};
		D350EE2F1CF0768A00E2E505 /* Release */ = {
			isa = XCBuildConfiguration;
			buildSettings = {
				BUNDLE_LOADER = "$(TEST_HOST)";
				INFOPLIST_FILE = "Mami WeatherTests/Info.plist";
				LD_RUNPATH_SEARCH_PATHS = "$(inherited) @executable_path/Frameworks @loader_path/Frameworks";
				PRODUCT_BUNDLE_IDENTIFIER = "com.qult.Mami-WeatherTests";
				PRODUCT_NAME = "$(TARGET_NAME)";
				TEST_HOST = "$(BUILT_PRODUCTS_DIR)/Mami Weather.app/Mami Weather";
			};
			name = Release;
		};
/* End XCBuildConfiguration section */

/* Begin XCConfigurationList section */
		D350EE031CF0768A00E2E505 /* Build configuration list for PBXProject "Mami Weather" */ = {
			isa = XCConfigurationList;
			buildConfigurations = (
				D350EE281CF0768A00E2E505 /* Debug */,
				D350EE291CF0768A00E2E505 /* Release */,
			);
			defaultConfigurationIsVisible = 0;
			defaultConfigurationName = Release;
		};
		D350EE2A1CF0768A00E2E505 /* Build configuration list for PBXNativeTarget "Mami Weather" */ = {
			isa = XCConfigurationList;
			buildConfigurations = (
				D350EE2B1CF0768A00E2E505 /* Debug */,
				D350EE2C1CF0768A00E2E505 /* Release */,
			);
			defaultConfigurationIsVisible = 0;
		};
		D350EE2D1CF0768A00E2E505 /* Build configuration list for PBXNativeTarget "Mami WeatherTests" */ = {
			isa = XCConfigurationList;
			buildConfigurations = (
				D350EE2E1CF0768A00E2E505 /* Debug */,
				D350EE2F1CF0768A00E2E505 /* Release */,
			);
			defaultConfigurationIsVisible = 0;
		};
/* End XCConfigurationList section */
	};
	rootObject = D350EE001CF0768A00E2E505 /* Project object */;
}
