// !$*UTF8*$!
{
	archiveVersion = 1;
	classes = {
	};
	objectVersion = 46;
	objects = {

/* Begin PBXBuildFile section */
		22DF2D11387809F2FA803D72 /* Pods_Mami_Weather.framework in Frameworks */ = {isa = PBXBuildFile; fileRef = 5BE51A6A42BC4749BA00F879 /* Pods_Mami_Weather.framework */; };
		D3045D1B1CF37BD70035CC38 /* MOMMainViewController.m in Sources */ = {isa = PBXBuildFile; fileRef = D3045D1A1CF37BD70035CC38 /* MOMMainViewController.m */; };
		D3045D201CF37CF10035CC38 /* 3DAssets.scnassets in Resources */ = {isa = PBXBuildFile; fileRef = D3045D1F1CF37CF10035CC38 /* 3DAssets.scnassets */; };
		D34E97B31CFB57A000F9D441 /* MOMSceneUtils.m in Sources */ = {isa = PBXBuildFile; fileRef = D34E97B21CFB57A000F9D441 /* MOMSceneUtils.m */; };
		D350EE0D1CF0768A00E2E505 /* main.m in Sources */ = {isa = PBXBuildFile; fileRef = D350EE0C1CF0768A00E2E505 /* main.m */; };
		D350EE101CF0768A00E2E505 /* MOMAppDelegate.m in Sources */ = {isa = PBXBuildFile; fileRef = D350EE0F1CF0768A00E2E505 /* MOMAppDelegate.m */; };
		D350EE161CF0768A00E2E505 /* Main.storyboard in Resources */ = {isa = PBXBuildFile; fileRef = D350EE141CF0768A00E2E505 /* Main.storyboard */; };
		D350EE181CF0768A00E2E505 /* Assets.xcassets in Resources */ = {isa = PBXBuildFile; fileRef = D350EE171CF0768A00E2E505 /* Assets.xcassets */; };
		D350EE1B1CF0768A00E2E505 /* LaunchScreen.storyboard in Resources */ = {isa = PBXBuildFile; fileRef = D350EE191CF0768A00E2E505 /* LaunchScreen.storyboard */; };
		D350EE261CF0768A00E2E505 /* Mami_WeatherTests.m in Sources */ = {isa = PBXBuildFile; fileRef = D350EE251CF0768A00E2E505 /* Mami_WeatherTests.m */; };
		DBFAF97A1D4220750085BED8 /* MOMWeather.m in Sources */ = {isa = PBXBuildFile; fileRef = DBFAF9791D4220750085BED8 /* MOMWeather.m */; };
		DBFAF97D1D4225530085BED8 /* MOMForecastrManager.m in Sources */ = {isa = PBXBuildFile; fileRef = DBFAF97C1D4225530085BED8 /* MOMForecastrManager.m */; };
		DBFAF9811D422D6A0085BED8 /* MOMLocationManager.m in Sources */ = {isa = PBXBuildFile; fileRef = DBFAF9801D422D6A0085BED8 /* MOMLocationManager.m */; };
		DBFAF9831D4232E30085BED8 /* CoreLocation.framework in Frameworks */ = {isa = PBXBuildFile; fileRef = DBFAF9821D4232E30085BED8 /* CoreLocation.framework */; };
/* End PBXBuildFile section */

/* Begin PBXContainerItemProxy section */
		D350EE221CF0768A00E2E505 /* PBXContainerItemProxy */ = {
			isa = PBXContainerItemProxy;
			containerPortal = D350EE001CF0768A00E2E505 /* Project object */;
			proxyType = 1;
			remoteGlobalIDString = D350EE071CF0768A00E2E505;
			remoteInfo = "Mami Weather";
		};
/* End PBXContainerItemProxy section */

/* Begin PBXFileReference section */
		0658546A3CB2DE6352C2C249 /* Pods-Mami Weather.release.xcconfig */ = {isa = PBXFileReference; includeInIndex = 1; lastKnownFileType = text.xcconfig; name = "Pods-Mami Weather.release.xcconfig"; path = "Pods/Target Support Files/Pods-Mami Weather/Pods-Mami Weather.release.xcconfig"; sourceTree = "<group>"; };
		5BE51A6A42BC4749BA00F879 /* Pods_Mami_Weather.framework */ = {isa = PBXFileReference; explicitFileType = wrapper.framework; includeInIndex = 0; path = Pods_Mami_Weather.framework; sourceTree = BUILT_PRODUCTS_DIR; };
		65BE04E90EF26B5C34B75ED7 /* Pods-Mami Weather.debug.xcconfig */ = {isa = PBXFileReference; includeInIndex = 1; lastKnownFileType = text.xcconfig; name = "Pods-Mami Weather.debug.xcconfig"; path = "Pods/Target Support Files/Pods-Mami Weather/Pods-Mami Weather.debug.xcconfig"; sourceTree = "<group>"; };
		D3045D191CF37BD70035CC38 /* MOMMainViewController.h */ = {isa = PBXFileReference; fileEncoding = 4; lastKnownFileType = sourcecode.c.h; path = MOMMainViewController.h; sourceTree = "<group>"; };
		D3045D1A1CF37BD70035CC38 /* MOMMainViewController.m */ = {isa = PBXFileReference; fileEncoding = 4; lastKnownFileType = sourcecode.c.objc; path = MOMMainViewController.m; sourceTree = "<group>"; };
		D3045D1F1CF37CF10035CC38 /* 3DAssets.scnassets */ = {isa = PBXFileReference; lastKnownFileType = wrapper.scnassets; path = 3DAssets.scnassets; sourceTree = "<group>"; };
		D34E97B11CFB57A000F9D441 /* MOMSceneUtils.h */ = {isa = PBXFileReference; fileEncoding = 4; lastKnownFileType = sourcecode.c.h; path = MOMSceneUtils.h; sourceTree = "<group>"; };
		D34E97B21CFB57A000F9D441 /* MOMSceneUtils.m */ = {isa = PBXFileReference; fileEncoding = 4; lastKnownFileType = sourcecode.c.objc; path = MOMSceneUtils.m; sourceTree = "<group>"; };
		D350EE081CF0768A00E2E505 /* Mami Weather.app */ = {isa = PBXFileReference; explicitFileType = wrapper.application; includeInIndex = 0; path = "Mami Weather.app"; sourceTree = BUILT_PRODUCTS_DIR; };
		D350EE0C1CF0768A00E2E505 /* main.m */ = {isa = PBXFileReference; lastKnownFileType = sourcecode.c.objc; path = main.m; sourceTree = "<group>"; };
		D350EE0E1CF0768A00E2E505 /* MOMAppDelegate.h */ = {isa = PBXFileReference; lastKnownFileType = sourcecode.c.h; path = MOMAppDelegate.h; sourceTree = "<group>"; };
		D350EE0F1CF0768A00E2E505 /* MOMAppDelegate.m */ = {isa = PBXFileReference; lastKnownFileType = sourcecode.c.objc; path = MOMAppDelegate.m; sourceTree = "<group>"; };
		D350EE151CF0768A00E2E505 /* Base */ = {isa = PBXFileReference; lastKnownFileType = file.storyboard; name = Base; path = Base.lproj/Main.storyboard; sourceTree = "<group>"; };
		D350EE171CF0768A00E2E505 /* Assets.xcassets */ = {isa = PBXFileReference; lastKnownFileType = folder.assetcatalog; path = Assets.xcassets; sourceTree = "<group>"; };
		D350EE1A1CF0768A00E2E505 /* Base */ = {isa = PBXFileReference; lastKnownFileType = file.storyboard; name = Base; path = Base.lproj/LaunchScreen.storyboard; sourceTree = "<group>"; };
		D350EE1C1CF0768A00E2E505 /* Info.plist */ = {isa = PBXFileReference; lastKnownFileType = text.plist.xml; path = Info.plist; sourceTree = "<group>"; };
		D350EE211CF0768A00E2E505 /* Mami WeatherTests.xctest */ = {isa = PBXFileReference; explicitFileType = wrapper.cfbundle; includeInIndex = 0; path = "Mami WeatherTests.xctest"; sourceTree = BUILT_PRODUCTS_DIR; };
		D350EE251CF0768A00E2E505 /* Mami_WeatherTests.m */ = {isa = PBXFileReference; lastKnownFileType = sourcecode.c.objc; path = Mami_WeatherTests.m; sourceTree = "<group>"; };
		D350EE271CF0768A00E2E505 /* Info.plist */ = {isa = PBXFileReference; lastKnownFileType = text.plist.xml; path = Info.plist; sourceTree = "<group>"; };
		DBFAF9781D4220750085BED8 /* MOMWeather.h */ = {isa = PBXFileReference; fileEncoding = 4; lastKnownFileType = sourcecode.c.h; path = MOMWeather.h; sourceTree = "<group>"; };
		DBFAF9791D4220750085BED8 /* MOMWeather.m */ = {isa = PBXFileReference; fileEncoding = 4; lastKnownFileType = sourcecode.c.objc; path = MOMWeather.m; sourceTree = "<group>"; };
		DBFAF97B1D4225530085BED8 /* MOMForecastrManager.h */ = {isa = PBXFileReference; fileEncoding = 4; lastKnownFileType = sourcecode.c.h; path = MOMForecastrManager.h; sourceTree = "<group>"; };
		DBFAF97C1D4225530085BED8 /* MOMForecastrManager.m */ = {isa = PBXFileReference; fileEncoding = 4; lastKnownFileType = sourcecode.c.objc; path = MOMForecastrManager.m; sourceTree = "<group>"; };
		DBFAF97F1D422D6A0085BED8 /* MOMLocationManager.h */ = {isa = PBXFileReference; fileEncoding = 4; lastKnownFileType = sourcecode.c.h; path = MOMLocationManager.h; sourceTree = "<group>"; };
		DBFAF9801D422D6A0085BED8 /* MOMLocationManager.m */ = {isa = PBXFileReference; fileEncoding = 4; lastKnownFileType = sourcecode.c.objc; path = MOMLocationManager.m; sourceTree = "<group>"; };
		DBFAF9821D4232E30085BED8 /* CoreLocation.framework */ = {isa = PBXFileReference; lastKnownFileType = wrapper.framework; name = CoreLocation.framework; path = System/Library/Frameworks/CoreLocation.framework; sourceTree = SDKROOT; };
/* End PBXFileReference section */

/* Begin PBXFrameworksBuildPhase section */
		D350EE051CF0768A00E2E505 /* Frameworks */ = {
			isa = PBXFrameworksBuildPhase;
			buildActionMask = 2147483647;
			files = (
				DBFAF9831D4232E30085BED8 /* CoreLocation.framework in Frameworks */,
				22DF2D11387809F2FA803D72 /* Pods_Mami_Weather.framework in Frameworks */,
			);
			runOnlyForDeploymentPostprocessing = 0;
		};
		D350EE1E1CF0768A00E2E505 /* Frameworks */ = {
			isa = PBXFrameworksBuildPhase;
			buildActionMask = 2147483647;
			files = (
			);
			runOnlyForDeploymentPostprocessing = 0;
		};
/* End PBXFrameworksBuildPhase section */

/* Begin PBXGroup section */
		6121FCDFB3D921072A0A543B /* Pods */ = {
			isa = PBXGroup;
			children = (
				65BE04E90EF26B5C34B75ED7 /* Pods-Mami Weather.debug.xcconfig */,
				0658546A3CB2DE6352C2C249 /* Pods-Mami Weather.release.xcconfig */,
			);
			name = Pods;
			sourceTree = "<group>";
		};
		C2AF987AF1590B86580E6E1C /* Frameworks */ = {
			isa = PBXGroup;
			children = (
				DBFAF9821D4232E30085BED8 /* CoreLocation.framework */,
				5BE51A6A42BC4749BA00F879 /* Pods_Mami_Weather.framework */,
			);
			name = Frameworks;
			sourceTree = "<group>";
		};
		D350EDFF1CF0768A00E2E505 = {
			isa = PBXGroup;
			children = (
				D350EE0A1CF0768A00E2E505 /* Mami Weather */,
				D350EE241CF0768A00E2E505 /* Mami WeatherTests */,
				D350EE091CF0768A00E2E505 /* Products */,
				6121FCDFB3D921072A0A543B /* Pods */,
				C2AF987AF1590B86580E6E1C /* Frameworks */,
			);
			sourceTree = "<group>";
		};
		D350EE091CF0768A00E2E505 /* Products */ = {
			isa = PBXGroup;
			children = (
				D350EE081CF0768A00E2E505 /* Mami Weather.app */,
				D350EE211CF0768A00E2E505 /* Mami WeatherTests.xctest */,
			);
			name = Products;
			sourceTree = "<group>";
		};
		D350EE0A1CF0768A00E2E505 /* Mami Weather */ = {
			isa = PBXGroup;
			children = (
				DBFAF97E1D422D570085BED8 /* Managers */,
				DBFAF9771D42204A0085BED8 /* Model */,
				D350EE0E1CF0768A00E2E505 /* MOMAppDelegate.h */,
				D350EE0F1CF0768A00E2E505 /* MOMAppDelegate.m */,
				D350EE141CF0768A00E2E505 /* Main.storyboard */,
				D350EE171CF0768A00E2E505 /* Assets.xcassets */,
				D350EE191CF0768A00E2E505 /* LaunchScreen.storyboard */,
				D350EE1C1CF0768A00E2E505 /* Info.plist */,
				D350EE0B1CF0768A00E2E505 /* Supporting Files */,
				D3045D1F1CF37CF10035CC38 /* 3DAssets.scnassets */,
				D3045D191CF37BD70035CC38 /* MOMMainViewController.h */,
				D3045D1A1CF37BD70035CC38 /* MOMMainViewController.m */,
				D34E97B11CFB57A000F9D441 /* MOMSceneUtils.h */,
				D34E97B21CFB57A000F9D441 /* MOMSceneUtils.m */,
			);
			path = "Mami Weather";
			sourceTree = "<group>";
		};
		D350EE0B1CF0768A00E2E505 /* Supporting Files */ = {
			isa = PBXGroup;
			children = (
				D350EE0C1CF0768A00E2E505 /* main.m */,
			);
			name = "Supporting Files";
			sourceTree = "<group>";
		};
		D350EE241CF0768A00E2E505 /* Mami WeatherTests */ = {
			isa = PBXGroup;
			children = (
				D350EE251CF0768A00E2E505 /* Mami_WeatherTests.m */,
				D350EE271CF0768A00E2E505 /* Info.plist */,
			);
			path = "Mami WeatherTests";
			sourceTree = "<group>";
		};
		DBFAF9771D42204A0085BED8 /* Model */ = {
			isa = PBXGroup;
			children = (
				DBFAF9781D4220750085BED8 /* MOMWeather.h */,
				DBFAF9791D4220750085BED8 /* MOMWeather.m */,
			);
			name = Model;
			sourceTree = "<group>";
		};
		DBFAF97E1D422D570085BED8 /* Managers */ = {
			isa = PBXGroup;
			children = (
				DBFAF97B1D4225530085BED8 /* MOMForecastrManager.h */,
				DBFAF97C1D4225530085BED8 /* MOMForecastrManager.m */,
				DBFAF97F1D422D6A0085BED8 /* MOMLocationManager.h */,
				DBFAF9801D422D6A0085BED8 /* MOMLocationManager.m */,
			);
			name = Managers;
			sourceTree = "<group>";
		};
/* End PBXGroup section */

/* Begin PBXNativeTarget section */
		D350EE071CF0768A00E2E505 /* Mami Weather */ = {
			isa = PBXNativeTarget;
			buildConfigurationList = D350EE2A1CF0768A00E2E505 /* Build configuration list for PBXNativeTarget "Mami Weather" */;
			buildPhases = (
				C99C293E51BFEB7BF942EB6A /* Check Pods Manifest.lock */,
				D350EE041CF0768A00E2E505 /* Sources */,
				D350EE051CF0768A00E2E505 /* Frameworks */,
				D350EE061CF0768A00E2E505 /* Resources */,
				494DCD34E9E6C6BAD131E65E /* Embed Pods Frameworks */,
				784B301B456A2F0A674F92BF /* Copy Pods Resources */,
			);
			buildRules = (
			);
			dependencies = (
			);
			name = "Mami Weather";
			productName = "Mami Weather";
			productReference = D350EE081CF0768A00E2E505 /* Mami Weather.app */;
			productType = "com.apple.product-type.application";
		};
		D350EE201CF0768A00E2E505 /* Mami WeatherTests */ = {
			isa = PBXNativeTarget;
			buildConfigurationList = D350EE2D1CF0768A00E2E505 /* Build configuration list for PBXNativeTarget "Mami WeatherTests" */;
			buildPhases = (
				D350EE1D1CF0768A00E2E505 /* Sources */,
				D350EE1E1CF0768A00E2E505 /* Frameworks */,
				D350EE1F1CF0768A00E2E505 /* Resources */,
			);
			buildRules = (
			);
			dependencies = (
				D350EE231CF0768A00E2E505 /* PBXTargetDependency */,
			);
			name = "Mami WeatherTests";
			productName = "Mami WeatherTests";
			productReference = D350EE211CF0768A00E2E505 /* Mami WeatherTests.xctest */;
			productType = "com.apple.product-type.bundle.unit-test";
		};
/* End PBXNativeTarget section */

/* Begin PBXProject section */
		D350EE001CF0768A00E2E505 /* Project object */ = {
			isa = PBXProject;
			attributes = {
				LastUpgradeCheck = 0730;
				ORGANIZATIONNAME = Qult;
				TargetAttributes = {
					D350EE071CF0768A00E2E505 = {
						CreatedOnToolsVersion = 7.3.1;
						DevelopmentTeam = JG445TP9M7;
					};
					D350EE201CF0768A00E2E505 = {
						CreatedOnToolsVersion = 7.3.1;
						DevelopmentTeam = JG445TP9M7;
						TestTargetID = D350EE071CF0768A00E2E505;
					};
				};
			};
			buildConfigurationList = D350EE031CF0768A00E2E505 /* Build configuration list for PBXProject "Mami Weather" */;
			compatibilityVersion = "Xcode 3.2";
			developmentRegion = English;
			hasScannedForEncodings = 0;
			knownRegions = (
				en,
				Base,
			);
			mainGroup = D350EDFF1CF0768A00E2E505;
			productRefGroup = D350EE091CF0768A00E2E505 /* Products */;
			projectDirPath = "";
			projectRoot = "";
			targets = (
				D350EE071CF0768A00E2E505 /* Mami Weather */,
				D350EE201CF0768A00E2E505 /* Mami WeatherTests */,
			);
		};
/* End PBXProject section */

/* Begin PBXResourcesBuildPhase section */
		D350EE061CF0768A00E2E505 /* Resources */ = {
			isa = PBXResourcesBuildPhase;
			buildActionMask = 2147483647;
			files = (
				D350EE1B1CF0768A00E2E505 /* LaunchScreen.storyboard in Resources */,
				D3045D201CF37CF10035CC38 /* 3DAssets.scnassets in Resources */,
				D350EE181CF0768A00E2E505 /* Assets.xcassets in Resources */,
				D350EE161CF0768A00E2E505 /* Main.storyboard in Resources */,
			);
			runOnlyForDeploymentPostprocessing = 0;
		};
		D350EE1F1CF0768A00E2E505 /* Resources */ = {
			isa = PBXResourcesBuildPhase;
			buildActionMask = 2147483647;
			files = (
			);
			runOnlyForDeploymentPostprocessing = 0;
		};
/* End PBXResourcesBuildPhase section */

/* Begin PBXShellScriptBuildPhase section */
		494DCD34E9E6C6BAD131E65E /* Embed Pods Frameworks */ = {
			isa = PBXShellScriptBuildPhase;
			buildActionMask = 2147483647;
			files = (
			);
			inputPaths = (
			);
			name = "Embed Pods Frameworks";
			outputPaths = (
			);
			runOnlyForDeploymentPostprocessing = 0;
			shellPath = /bin/sh;
			shellScript = "\"${SRCROOT}/Pods/Target Support Files/Pods-Mami Weather/Pods-Mami Weather-frameworks.sh\"\n";
			showEnvVarsInLog = 0;
		};
		784B301B456A2F0A674F92BF /* Copy Pods Resources */ = {
			isa = PBXShellScriptBuildPhase;
			buildActionMask = 2147483647;
			files = (
			);
			inputPaths = (
			);
			name = "Copy Pods Resources";
			outputPaths = (
			);
			runOnlyForDeploymentPostprocessing = 0;
			shellPath = /bin/sh;
			shellScript = "\"${SRCROOT}/Pods/Target Support Files/Pods-Mami Weather/Pods-Mami Weather-resources.sh\"\n";
			showEnvVarsInLog = 0;
		};
		C99C293E51BFEB7BF942EB6A /* Check Pods Manifest.lock */ = {
			isa = PBXShellScriptBuildPhase;
			buildActionMask = 2147483647;
			files = (
			);
			inputPaths = (
			);
			name = "Check Pods Manifest.lock";
			outputPaths = (
			);
			runOnlyForDeploymentPostprocessing = 0;
			shellPath = /bin/sh;
			shellScript = "diff \"${PODS_ROOT}/../Podfile.lock\" \"${PODS_ROOT}/Manifest.lock\" > /dev/null\nif [[ $? != 0 ]] ; then\n    cat << EOM\nerror: The sandbox is not in sync with the Podfile.lock. Run 'pod install' or update your CocoaPods installation.\nEOM\n    exit 1\nfi\n";
			showEnvVarsInLog = 0;
		};
/* End PBXShellScriptBuildPhase section */

/* Begin PBXSourcesBuildPhase section */
		D350EE041CF0768A00E2E505 /* Sources */ = {
			isa = PBXSourcesBuildPhase;
			buildActionMask = 2147483647;
			files = (
				D350EE101CF0768A00E2E505 /* MOMAppDelegate.m in Sources */,
				DBFAF97D1D4225530085BED8 /* MOMForecastrManager.m in Sources */,
				D3045D1B1CF37BD70035CC38 /* MOMMainViewController.m in Sources */,
				DBFAF9811D422D6A0085BED8 /* MOMLocationManager.m in Sources */,
				D34E97B31CFB57A000F9D441 /* MOMSceneUtils.m in Sources */,
				D350EE0D1CF0768A00E2E505 /* main.m in Sources */,
				DBFAF97A1D4220750085BED8 /* MOMWeather.m in Sources */,
			);
			runOnlyForDeploymentPostprocessing = 0;
		};
		D350EE1D1CF0768A00E2E505 /* Sources */ = {
			isa = PBXSourcesBuildPhase;
			buildActionMask = 2147483647;
			files = (
				D350EE261CF0768A00E2E505 /* Mami_WeatherTests.m in Sources */,
			);
			runOnlyForDeploymentPostprocessing = 0;
		};
/* End PBXSourcesBuildPhase section */

/* Begin PBXTargetDependency section */
		D350EE231CF0768A00E2E505 /* PBXTargetDependency */ = {
			isa = PBXTargetDependency;
			target = D350EE071CF0768A00E2E505 /* Mami Weather */;
			targetProxy = D350EE221CF0768A00E2E505 /* PBXContainerItemProxy */;
		};
/* End PBXTargetDependency section */

/* Begin PBXVariantGroup section */
		D350EE141CF0768A00E2E505 /* Main.storyboard */ = {
			isa = PBXVariantGroup;
			children = (
				D350EE151CF0768A00E2E505 /* Base */,
			);
			name = Main.storyboard;
			sourceTree = "<group>";
		};
		D350EE191CF0768A00E2E505 /* LaunchScreen.storyboard */ = {
			isa = PBXVariantGroup;
			children = (
				D350EE1A1CF0768A00E2E505 /* Base */,
			);
			name = LaunchScreen.storyboard;
			sourceTree = "<group>";
		};
/* End PBXVariantGroup section */

/* Begin XCBuildConfiguration section */
		D350EE281CF0768A00E2E505 /* Debug */ = {
			isa = XCBuildConfiguration;
			buildSettings = {
				ALWAYS_SEARCH_USER_PATHS = NO;
				CLANG_ANALYZER_NONNULL = YES;
				CLANG_CXX_LANGUAGE_STANDARD = "gnu++0x";
				CLANG_CXX_LIBRARY = "libc++";
				CLANG_ENABLE_MODULES = YES;
				CLANG_ENABLE_OBJC_ARC = YES;
				CLANG_WARN_BOOL_CONVERSION = YES;
				CLANG_WARN_CONSTANT_CONVERSION = YES;
				CLANG_WARN_DIRECT_OBJC_ISA_USAGE = YES_ERROR;
				CLANG_WARN_EMPTY_BODY = YES;
				CLANG_WARN_ENUM_CONVERSION = YES;
				CLANG_WARN_INT_CONVERSION = YES;
				CLANG_WARN_OBJC_ROOT_CLASS = YES_ERROR;
				CLANG_WARN_UNREACHABLE_CODE = YES;
				CLANG_WARN__DUPLICATE_METHOD_MATCH = YES;
				"CODE_SIGN_IDENTITY[sdk=iphoneos*]" = "iPhone Developer";
				COPY_PHASE_STRIP = NO;
				DEBUG_INFORMATION_FORMAT = dwarf;
				ENABLE_STRICT_OBJC_MSGSEND = YES;
				ENABLE_TESTABILITY = YES;
				GCC_C_LANGUAGE_STANDARD = gnu99;
				GCC_DYNAMIC_NO_PIC = NO;
				GCC_NO_COMMON_BLOCKS = YES;
				GCC_OPTIMIZATION_LEVEL = 0;
				GCC_PREPROCESSOR_DEFINITIONS = (
					"DEBUG=1",
					"$(inherited)",
				);
				GCC_WARN_64_TO_32_BIT_CONVERSION = YES;
				GCC_WARN_ABOUT_RETURN_TYPE = YES_ERROR;
				GCC_WARN_UNDECLARED_SELECTOR = YES;
				GCC_WARN_UNINITIALIZED_AUTOS = YES_AGGRESSIVE;
				GCC_WARN_UNUSED_FUNCTION = YES;
				GCC_WARN_UNUSED_VARIABLE = YES;
				IPHONEOS_DEPLOYMENT_TARGET = 9.3;
				MTL_ENABLE_DEBUG_INFO = YES;
				ONLY_ACTIVE_ARCH = YES;
				SDKROOT = iphoneos;
			};
			name = Debug;
		};
		D350EE291CF0768A00E2E505 /* Release */ = {
			isa = XCBuildConfiguration;
			buildSettings = {
				ALWAYS_SEARCH_USER_PATHS = NO;
				CLANG_ANALYZER_NONNULL = YES;
				CLANG_CXX_LANGUAGE_STANDARD = "gnu++0x";
				CLANG_CXX_LIBRARY = "libc++";
				CLANG_ENABLE_MODULES = YES;
				CLANG_ENABLE_OBJC_ARC = YES;
				CLANG_WARN_BOOL_CONVERSION = YES;
				CLANG_WARN_CONSTANT_CONVERSION = YES;
				CLANG_WARN_DIRECT_OBJC_ISA_USAGE = YES_ERROR;
				CLANG_WARN_EMPTY_BODY = YES;
				CLANG_WARN_ENUM_CONVERSION = YES;
				CLANG_WARN_INT_CONVERSION = YES;
				CLANG_WARN_OBJC_ROOT_CLASS = YES_ERROR;
				CLANG_WARN_UNREACHABLE_CODE = YES;
				CLANG_WARN__DUPLICATE_METHOD_MATCH = YES;
				"CODE_SIGN_IDENTITY[sdk=iphoneos*]" = "iPhone Developer";
				COPY_PHASE_STRIP = NO;
				DEBUG_INFORMATION_FORMAT = "dwarf-with-dsym";
				ENABLE_NS_ASSERTIONS = NO;
				ENABLE_STRICT_OBJC_MSGSEND = YES;
				GCC_C_LANGUAGE_STANDARD = gnu99;
				GCC_NO_COMMON_BLOCKS = YES;
				GCC_WARN_64_TO_32_BIT_CONVERSION = YES;
				GCC_WARN_ABOUT_RETURN_TYPE = YES_ERROR;
				GCC_WARN_UNDECLARED_SELECTOR = YES;
				GCC_WARN_UNINITIALIZED_AUTOS = YES_AGGRESSIVE;
				GCC_WARN_UNUSED_FUNCTION = YES;
				GCC_WARN_UNUSED_VARIABLE = YES;
				IPHONEOS_DEPLOYMENT_TARGET = 9.3;
				MTL_ENABLE_DEBUG_INFO = NO;
				SDKROOT = iphoneos;
				VALIDATE_PRODUCT = YES;
			};
			name = Release;
		};
		D350EE2B1CF0768A00E2E505 /* Debug */ = {
			isa = XCBuildConfiguration;
			baseConfigurationReference = 65BE04E90EF26B5C34B75ED7 /* Pods-Mami Weather.debug.xcconfig */;
			buildSettings = {
				ASSETCATALOG_COMPILER_APPICON_NAME = AppIcon;
				INFOPLIST_FILE = "Mami Weather/Info.plist";
				IPHONEOS_DEPLOYMENT_TARGET = 9.0;
				LD_RUNPATH_SEARCH_PATHS = "$(inherited) @executable_path/Frameworks";
				PRODUCT_BUNDLE_IDENTIFIER = "com.qult.Mami-Weather";
				PRODUCT_NAME = "$(TARGET_NAME)";
			};
			name = Debug;
		};
		D350EE2C1CF0768A00E2E505 /* Release */ = {
			isa = XCBuildConfiguration;
			baseConfigurationReference = 0658546A3CB2DE6352C2C249 /* Pods-Mami Weather.release.xcconfig */;
			buildSettings = {
				ASSETCATALOG_COMPILER_APPICON_NAME = AppIcon;
				INFOPLIST_FILE = "Mami Weather/Info.plist";
				IPHONEOS_DEPLOYMENT_TARGET = 9.0;
				LD_RUNPATH_SEARCH_PATHS = "$(inherited) @executable_path/Frameworks";
				PRODUCT_BUNDLE_IDENTIFIER = "com.qult.Mami-Weather";
				PRODUCT_NAME = "$(TARGET_NAME)";
			};
			name = Release;
		};
		D350EE2E1CF0768A00E2E505 /* Debug */ = {
			isa = XCBuildConfiguration;
			buildSettings = {
				BUNDLE_LOADER = "$(TEST_HOST)";
				INFOPLIST_FILE = "Mami WeatherTests/Info.plist";
				LD_RUNPATH_SEARCH_PATHS = "$(inherited) @executable_path/Frameworks @loader_path/Frameworks";
				PRODUCT_BUNDLE_IDENTIFIER = "com.qult.Mami-WeatherTests";
				PRODUCT_NAME = "$(TARGET_NAME)";
				TEST_HOST = "$(BUILT_PRODUCTS_DIR)/Mami Weather.app/Mami Weather";
			};
			name = Debug;
		};
		D350EE2F1CF0768A00E2E505 /* Release */ = {
			isa = XCBuildConfiguration;
			buildSettings = {
				BUNDLE_LOADER = "$(TEST_HOST)";
				INFOPLIST_FILE = "Mami WeatherTests/Info.plist";
				LD_RUNPATH_SEARCH_PATHS = "$(inherited) @executable_path/Frameworks @loader_path/Frameworks";
				PRODUCT_BUNDLE_IDENTIFIER = "com.qult.Mami-WeatherTests";
				PRODUCT_NAME = "$(TARGET_NAME)";
				TEST_HOST = "$(BUILT_PRODUCTS_DIR)/Mami Weather.app/Mami Weather";
			};
			name = Release;
		};
/* End XCBuildConfiguration section */

/* Begin XCConfigurationList section */
		D350EE031CF0768A00E2E505 /* Build configuration list for PBXProject "Mami Weather" */ = {
			isa = XCConfigurationList;
			buildConfigurations = (
				D350EE281CF0768A00E2E505 /* Debug */,
				D350EE291CF0768A00E2E505 /* Release */,
			);
			defaultConfigurationIsVisible = 0;
			defaultConfigurationName = Release;
		};
		D350EE2A1CF0768A00E2E505 /* Build configuration list for PBXNativeTarget "Mami Weather" */ = {
			isa = XCConfigurationList;
			buildConfigurations = (
				D350EE2B1CF0768A00E2E505 /* Debug */,
				D350EE2C1CF0768A00E2E505 /* Release */,
			);
			defaultConfigurationIsVisible = 0;
			defaultConfigurationName = Release;
		};
		D350EE2D1CF0768A00E2E505 /* Build configuration list for PBXNativeTarget "Mami WeatherTests" */ = {
			isa = XCConfigurationList;
			buildConfigurations = (
				D350EE2E1CF0768A00E2E505 /* Debug */,
				D350EE2F1CF0768A00E2E505 /* Release */,
			);
			defaultConfigurationIsVisible = 0;
			defaultConfigurationName = Release;
		};
/* End XCConfigurationList section */
	};
	rootObject = D350EE001CF0768A00E2E505 /* Project object */;
}
